
Microsoft Visual Studio Solution File, Format Version 12.00
# Visual Studio 15
VisualStudioVersion = 15.0.27703.2035
MinimumVisualStudioVersion = 10.0.40219.1
Project("{9A19103F-16F7-4668-BE54-9A1E7A4F7556}") = "Migration", "Migration\Migration.csproj", "{A4B5644C-FC37-4F08-9DAC-8F40797B49B1}"
EndProject
Project("{FAE04EC0-301F-11D3-BF4B-00C04F79EFBC}") = "MigrationDal", "MigrationDal\MigrationDal.csproj", "{AD2B7E39-1404-4D0F-81C9-C36C9C80F975}"
EndProject
Global
	GlobalSection(SolutionConfigurationPlatforms) = preSolution
		Debug|Any CPU = Debug|Any CPU
		Release|Any CPU = Release|Any CPU
	EndGlobalSection
	GlobalSection(ProjectConfigurationPlatforms) = postSolution
		{A4B5644C-FC37-4F08-9DAC-8F40797B49B1}.Debug|Any CPU.ActiveCfg = Debug|Any CPU
		{A4B5644C-FC37-4F08-9DAC-8F40797B49B1}.Debug|Any CPU.Build.0 = Debug|Any CPU
		{A4B5644C-FC37-4F08-9DAC-8F40797B49B1}.Release|Any CPU.ActiveCfg = Release|Any CPU
		{A4B5644C-FC37-4F08-9DAC-8F40797B49B1}.Release|Any CPU.Build.0 = Release|Any CPU
		{AD2B7E39-1404-4D0F-81C9-C36C9C80F975}.Debug|Any CPU.ActiveCfg = Debug|Any CPU
		{AD2B7E39-1404-4D0F-81C9-C36C9C80F975}.Debug|Any CPU.Build.0 = Debug|Any CPU
		{AD2B7E39-1404-4D0F-81C9-C36C9C80F975}.Release|Any CPU.ActiveCfg = Release|Any CPU
		{AD2B7E39-1404-4D0F-81C9-C36C9C80F975}.Release|Any CPU.Build.0 = Release|Any CPU
	EndGlobalSection
	GlobalSection(SolutionProperties) = preSolution
		HideSolutionNode = FALSE
	EndGlobalSection
	GlobalSection(ExtensibilityGlobals) = postSolution
		SolutionGuid = {47E8BC3B-2AFD-44F6-88BC-6CC85F695CEE}
	EndGlobalSection
EndGlobal
